
Microsoft Visual Studio Solution File, Format Version 12.00
# Visual Studio Version 17
VisualStudioVersion = 17.9.34723.18
MinimumVisualStudioVersion = 10.0.40219.1
Project("{FAE04EC0-301F-11D3-BF4B-00C04F79EFBC}") = "MyNewApp", "MyNewApp\MyNewApp.csproj", "{3008B57C-CAA0-4DC7-87B3-EBD7DF5BC7EE}"
EndProject
Global
	GlobalSection(SolutionConfigurationPlatforms) = preSolution
		Debug|Any CPU = Debug|Any CPU
		Release|Any CPU = Release|Any CPU
	EndGlobalSection
	GlobalSection(ProjectConfigurationPlatforms) = postSolution
		{3008B57C-CAA0-4DC7-87B3-EBD7DF5BC7EE}.Debug|Any CPU.ActiveCfg = Debug|Any CPU
		{3008B57C-CAA0-4DC7-87B3-EBD7DF5BC7EE}.Debug|Any CPU.Build.0 = Debug|Any CPU
		{3008B57C-CAA0-4DC7-87B3-EBD7DF5BC7EE}.Release|Any CPU.ActiveCfg = Release|Any CPU
		{3008B57C-CAA0-4DC7-87B3-EBD7DF5BC7EE}.Release|Any CPU.Build.0 = Release|Any CPU
	EndGlobalSection
	GlobalSection(SolutionProperties) = preSolution
		HideSolutionNode = FALSE
	EndGlobalSection
	GlobalSection(ExtensibilityGlobals) = postSolution
		SolutionGuid = {4A4876F0-5A21-4CD3-801F-1CBF9D2D48DF}
	EndGlobalSection
EndGlobal
