
Microsoft Visual Studio Solution File, Format Version 12.00
# Visual Studio Version 17
VisualStudioVersion = 17.9.34723.18
MinimumVisualStudioVersion = 10.0.40219.1
Project("{FAE04EC0-301F-11D3-BF4B-00C04F79EFBC}") = "ConditionStatements", "ConditionStatements\ConditionStatements.csproj", "{9B9440D3-AEE8-4D74-94F5-6F96F298C3E6}"
EndProject
Global
	GlobalSection(SolutionConfigurationPlatforms) = preSolution
		Debug|Any CPU = Debug|Any CPU
		Release|Any CPU = Release|Any CPU
	EndGlobalSection
	GlobalSection(ProjectConfigurationPlatforms) = postSolution
		{9B9440D3-AEE8-4D74-94F5-6F96F298C3E6}.Debug|Any CPU.ActiveCfg = Debug|Any CPU
		{9B9440D3-AEE8-4D74-94F5-6F96F298C3E6}.Debug|Any CPU.Build.0 = Debug|Any CPU
		{9B9440D3-AEE8-4D74-94F5-6F96F298C3E6}.Release|Any CPU.ActiveCfg = Release|Any CPU
		{9B9440D3-AEE8-4D74-94F5-6F96F298C3E6}.Release|Any CPU.Build.0 = Release|Any CPU
	EndGlobalSection
	GlobalSection(SolutionProperties) = preSolution
		HideSolutionNode = FALSE
	EndGlobalSection
	GlobalSection(ExtensibilityGlobals) = postSolution
		SolutionGuid = {6D57C24A-2D8F-4205-A811-573DD6CFF18F}
	EndGlobalSection
EndGlobal
